Microsoft Visual Studio Solution File, Format Version 12.00
# Visual Studio 15
VisualStudioVersion = 15.0.27130.2020
MinimumVisualStudioVersion = 10.0.40219.1
Project("{9A19103F-16F7-4668-BE54-9A1E7A4F7556}") = "TimiTDD", "TimiTDD\TimiTDD.csproj", "{791711B7-B73E-4CB4-829C-0E212429B62D}"
EndProject
Project("{9A19103F-16F7-4668-BE54-9A1E7A4F7556}") = "TimiTDD.Test", "TimiTDD.Test\TimiTDD.Test.csproj", "{8FFBD6C8-3B33-4F27-82E1-69713972CFD8}"
EndProject
Global
	GlobalSection(SolutionConfigurationPlatforms) = preSolution
		Debug|Any CPU = Debug|Any CPU
		Debug|x64 = Debug|x64
		Debug|x86 = Debug|x86
		Release|Any CPU = Release|Any CPU
		Release|x64 = Release|x64
		Release|x86 = Release|x86
	EndGlobalSection
	GlobalSection(ProjectConfigurationPlatforms) = postSolution
		{791711B7-B73E-4CB4-829C-0E212429B62D}.Debug|Any CPU.ActiveCfg = Debug|Any CPU
		{791711B7-B73E-4CB4-829C-0E212429B62D}.Debug|Any CPU.Build.0 = Debug|Any CPU
		{791711B7-B73E-4CB4-829C-0E212429B62D}.Debug|x64.ActiveCfg = Debug|Any CPU
		{791711B7-B73E-4CB4-829C-0E212429B62D}.Debug|x64.Build.0 = Debug|Any CPU
		{791711B7-B73E-4CB4-829C-0E212429B62D}.Debug|x86.ActiveCfg = Debug|Any CPU
		{791711B7-B73E-4CB4-829C-0E212429B62D}.Debug|x86.Build.0 = Debug|Any CPU
		{791711B7-B73E-4CB4-829C-0E212429B62D}.Release|Any CPU.ActiveCfg = Release|Any CPU
		{791711B7-B73E-4CB4-829C-0E212429B62D}.Release|Any CPU.Build.0 = Release|Any CPU
		{791711B7-B73E-4CB4-829C-0E212429B62D}.Release|x64.ActiveCfg = Release|Any CPU
		{791711B7-B73E-4CB4-829C-0E212429B62D}.Release|x64.Build.0 = Release|Any CPU
		{791711B7-B73E-4CB4-829C-0E212429B62D}.Release|x86.ActiveCfg = Release|Any CPU
		{791711B7-B73E-4CB4-829C-0E212429B62D}.Release|x86.Build.0 = Release|Any CPU
		{8FFBD6C8-3B33-4F27-82E1-69713972CFD8}.Debug|Any CPU.ActiveCfg = Debug|Any CPU
		{8FFBD6C8-3B33-4F27-82E1-69713972CFD8}.Debug|Any CPU.Build.0 = Debug|Any CPU
		{8FFBD6C8-3B33-4F27-82E1-69713972CFD8}.Debug|x64.ActiveCfg = Debug|Any CPU
		{8FFBD6C8-3B33-4F27-82E1-69713972CFD8}.Debug|x64.Build.0 = Debug|Any CPU
		{8FFBD6C8-3B33-4F27-82E1-69713972CFD8}.Debug|x86.ActiveCfg = Debug|Any CPU
		{8FFBD6C8-3B33-4F27-82E1-69713972CFD8}.Debug|x86.Build.0 = Debug|Any CPU
		{8FFBD6C8-3B33-4F27-82E1-69713972CFD8}.Release|Any CPU.ActiveCfg = Release|Any CPU
		{8FFBD6C8-3B33-4F27-82E1-69713972CFD8}.Release|Any CPU.Build.0 = Release|Any CPU
		{8FFBD6C8-3B33-4F27-82E1-69713972CFD8}.Release|x64.ActiveCfg = Release|Any CPU
		{8FFBD6C8-3B33-4F27-82E1-69713972CFD8}.Release|x64.Build.0 = Release|Any CPU
		{8FFBD6C8-3B33-4F27-82E1-69713972CFD8}.Release|x86.ActiveCfg = Release|Any CPU
		{8FFBD6C8-3B33-4F27-82E1-69713972CFD8}.Release|x86.Build.0 = Release|Any CPU
	EndGlobalSection
	GlobalSection(SolutionProperties) = preSolution
		HideSolutionNode = FALSE
	EndGlobalSection
	GlobalSection(ExtensibilityGlobals) = postSolution
		SolutionGuid = {DBDC4A52-819B-43FA-85CF-318B570A8305}
	EndGlobalSection
EndGlobal
